
Microsoft Visual Studio Solution File, Format Version 12.00
# Visual Studio Version 16
VisualStudioVersion = 16.0.30413.136
MinimumVisualStudioVersion = 10.0.40219.1
Project("{FAE04EC0-301F-11D3-BF4B-00C04F79EFBC}") = "Server", "Assignment_3_Vers01\Server.csproj", "{85E83C5B-468C-4F9A-A777-5D0CF63FE814}"
EndProject
Project("{FAE04EC0-301F-11D3-BF4B-00C04F79EFBC}") = "Client", "Client\Client.csproj", "{9DA239BA-A691-451D-8F7D-761A2001DF66}"
EndProject
Project("{FAE04EC0-301F-11D3-BF4B-00C04F79EFBC}") = "ClassLibrary1", "ClassLibrary1\ClassLibrary1.csproj", "{FD544186-90F8-41CC-BA5C-2B04F1ACDB97}"
EndProject
Project("{FAE04EC0-301F-11D3-BF4B-00C04F79EFBC}") = "Test", "Test\Test.csproj", "{923A7EC7-46CC-41C0-B503-4E600CD0293C}"
EndProject
Global
	GlobalSection(SolutionConfigurationPlatforms) = preSolution
		Debug|Any CPU = Debug|Any CPU
		Release|Any CPU = Release|Any CPU
	EndGlobalSection
	GlobalSection(ProjectConfigurationPlatforms) = postSolution
		{85E83C5B-468C-4F9A-A777-5D0CF63FE814}.Debug|Any CPU.ActiveCfg = Debug|Any CPU
		{85E83C5B-468C-4F9A-A777-5D0CF63FE814}.Debug|Any CPU.Build.0 = Debug|Any CPU
		{85E83C5B-468C-4F9A-A777-5D0CF63FE814}.Release|Any CPU.ActiveCfg = Release|Any CPU
		{85E83C5B-468C-4F9A-A777-5D0CF63FE814}.Release|Any CPU.Build.0 = Release|Any CPU
		{9DA239BA-A691-451D-8F7D-761A2001DF66}.Debug|Any CPU.ActiveCfg = Debug|Any CPU
		{9DA239BA-A691-451D-8F7D-761A2001DF66}.Debug|Any CPU.Build.0 = Debug|Any CPU
		{9DA239BA-A691-451D-8F7D-761A2001DF66}.Release|Any CPU.ActiveCfg = Release|Any CPU
		{9DA239BA-A691-451D-8F7D-761A2001DF66}.Release|Any CPU.Build.0 = Release|Any CPU
		{FD544186-90F8-41CC-BA5C-2B04F1ACDB97}.Debug|Any CPU.ActiveCfg = Debug|Any CPU
		{FD544186-90F8-41CC-BA5C-2B04F1ACDB97}.Debug|Any CPU.Build.0 = Debug|Any CPU
		{FD544186-90F8-41CC-BA5C-2B04F1ACDB97}.Release|Any CPU.ActiveCfg = Release|Any CPU
		{FD544186-90F8-41CC-BA5C-2B04F1ACDB97}.Release|Any CPU.Build.0 = Release|Any CPU
		{923A7EC7-46CC-41C0-B503-4E600CD0293C}.Debug|Any CPU.ActiveCfg = Debug|Any CPU
		{923A7EC7-46CC-41C0-B503-4E600CD0293C}.Debug|Any CPU.Build.0 = Debug|Any CPU
		{923A7EC7-46CC-41C0-B503-4E600CD0293C}.Release|Any CPU.ActiveCfg = Release|Any CPU
		{923A7EC7-46CC-41C0-B503-4E600CD0293C}.Release|Any CPU.Build.0 = Release|Any CPU
	EndGlobalSection
	GlobalSection(SolutionProperties) = preSolution
		HideSolutionNode = FALSE
	EndGlobalSection
	GlobalSection(ExtensibilityGlobals) = postSolution
		SolutionGuid = {B68BE245-0911-4B9D-86BE-F6E37CF2D3C5}
	EndGlobalSection
EndGlobal
